{
  "name": "query-prismic-api",
  "version": "1.0.0",
  "lockfileVersion": 2,
  "requires": true,
  "packages": {
    "": {
      "version": "1.0.0",
      "license": "ISC",
      "dependencies": {
        "@actions/core": "^1.6.0",
        "@prismicio/client": "^6.0.0"
      }
    },
    "node_modules/@actions/core": {
      "version": "1.6.0",
      "resolved": "https://registry.npmjs.org/@actions/core/-/core-1.6.0.tgz",
      "integrity": "sha512-NB1UAZomZlCV/LmJqkLhNTqtKfFXJZAUPcfl/zqG7EfsQdeUJtaWO98SGbuQ3pydJ3fHl2CvI/51OKYlCYYcaw==",
      "dependencies": {
        "@actions/http-client": "^1.0.11"
      }
    },
    "node_modules/@actions/http-client": {
      "version": "1.0.11",
      "resolved": "https://registry.npmjs.org/@actions/http-client/-/http-client-1.0.11.tgz",
      "integrity": "sha512-VRYHGQV1rqnROJqdMvGUbY/Kn8vriQe/F9HR2AlYHzmKuM/p3kjNuXhmdBfcVgsvRWTz5C5XW5xvndZrVBuAYg==",
      "dependencies": {
        "tunnel": "0.0.6"
      }
    },
    "node_modules/@prismicio/client": {
      "version": "6.0.0",
      "resolved": "https://registry.npmjs.org/@prismicio/client/-/client-6.0.0.tgz",
      "integrity": "sha512-xI3wj/3kq//kyVRom04dmcQHICKSxpndwoBBsOXhcSbYiaXvXO7nFYYLsKQh0LL8uXpTt3rJsKVyUgl1ClAUCg==",
      "dependencies": {
        "@prismicio/helpers": "^2.0.0",
        "@prismicio/types": "^0.1.21"
      },
      "engines": {
        "node": ">=12.13.0"
      }
    },
    "node_modules/@prismicio/helpers": {
      "version": "2.0.0",
      "resolved": "https://registry.npmjs.org/@prismicio/helpers/-/helpers-2.0.0.tgz",
      "integrity": "sha512-8xnK2pj+us935wAvJvPdk4o6Zhn/z99aUWwaGYJBbNqQy8x0pahgXY1L3l6s6+9xcEdJy6kKL8IfvFS6U0tpXg==",
      "dependencies": {
        "@prismicio/richtext": "^2.0.0-beta.3",
        "@prismicio/types": "^0.1.20",
        "escape-html": "^1.0.3"
      },
      "engines": {
        "node": ">=12.7.0"
      }
    },
    "node_modules/@prismicio/richtext": {
      "version": "2.0.0",
      "resolved": "https://registry.npmjs.org/@prismicio/richtext/-/richtext-2.0.0.tgz",
      "integrity": "sha512-XH2DJZUz0LEHO45UmZsabUKuHB+kHGqORLp5fYJ+RlpmRBcKowjI9hcQZqS/rvWMTY/l948yJvy0/MlCIiLz6w==",
      "dependencies": {
        "@prismicio/types": "^0.1.19"
      },
      "engines": {
        "node": ">=12.7.0"
      }
    },
    "node_modules/@prismicio/types": {
      "version": "0.1.21",
      "resolved": "https://registry.npmjs.org/@prismicio/types/-/types-0.1.21.tgz",
      "integrity": "sha512-TMO4zpHlBFdvULDU5KQxeHOkI72lCkEKT3YwKhqiaiQWRVp7s3w27mXHjOWVBOlH/2qrzck219O84zBE6HzaMg==",
      "engines": {
        "node": ">=12.7.0"
      }
    },
    "node_modules/escape-html": {
      "version": "1.0.3",
      "resolved": "https://registry.npmjs.org/escape-html/-/escape-html-1.0.3.tgz",
      "integrity": "sha1-Aljq5NPQwJdN4cFpGI7wBR0dGYg="
    },
    "node_modules/tunnel": {
      "version": "0.0.6",
      "resolved": "https://registry.npmjs.org/tunnel/-/tunnel-0.0.6.tgz",
      "integrity": "sha512-1h/Lnq9yajKY2PEbBadPXj3VxsDDu844OnaAo52UVmIzIvwwtBPIuNvkjuzBlTWpfJyUbG3ez0KSBibQkj4ojg==",
      "engines": {
        "node": ">=0.6.11 <=0.7.0 || >=0.7.3"
      }
    }
  },
  "dependencies": {
    "@actions/core": {
      "version": "1.6.0",
      "resolved": "https://registry.npmjs.org/@actions/core/-/core-1.6.0.tgz",
      "integrity": "sha512-NB1UAZomZlCV/LmJqkLhNTqtKfFXJZAUPcfl/zqG7EfsQdeUJtaWO98SGbuQ3pydJ3fHl2CvI/51OKYlCYYcaw==",
      "requires": {
        "@actions/http-client": "^1.0.11"
      }
    },
    "@actions/http-client": {
      "version": "1.0.11",
      "resolved": "https://registry.npmjs.org/@actions/http-client/-/http-client-1.0.11.tgz",
      "integrity": "sha512-VRYHGQV1rqnROJqdMvGUbY/Kn8vriQe/F9HR2AlYHzmKuM/p3kjNuXhmdBfcVgsvRWTz5C5XW5xvndZrVBuAYg==",
      "requires": {
        "tunnel": "0.0.6"
      }
    },
    "@prismicio/client": {
      "version": "6.0.0",
      "resolved": "https://registry.npmjs.org/@prismicio/client/-/client-6.0.0.tgz",
      "integrity": "sha512-xI3wj/3kq//kyVRom04dmcQHICKSxpndwoBBsOXhcSbYiaXvXO7nFYYLsKQh0LL8uXpTt3rJsKVyUgl1ClAUCg==",
      "requires": {
        "@prismicio/helpers": "^2.0.0",
        "@prismicio/types": "^0.1.21"
      }
    },
    "@prismicio/helpers": {
      "version": "2.0.0",
      "resolved": "https://registry.npmjs.org/@prismicio/helpers/-/helpers-2.0.0.tgz",
      "integrity": "sha512-8xnK2pj+us935wAvJvPdk4o6Zhn/z99aUWwaGYJBbNqQy8x0pahgXY1L3l6s6+9xcEdJy6kKL8IfvFS6U0tpXg==",
      "requires": {
        "@prismicio/richtext": "^2.0.0-beta.3",
        "@prismicio/types": "^0.1.20",
        "escape-html": "^1.0.3"
      }
    },
    "@prismicio/richtext": {
      "version": "2.0.0",
      "resolved": "https://registry.npmjs.org/@prismicio/richtext/-/richtext-2.0.0.tgz",
      "integrity": "sha512-XH2DJZUz0LEHO45UmZsabUKuHB+kHGqORLp5fYJ+RlpmRBcKowjI9hcQZqS/rvWMTY/l948yJvy0/MlCIiLz6w==",
      "requires": {
        "@prismicio/types": "^0.1.19"
      }
    },
    "@prismicio/types": {
      "version": "0.1.21",
      "resolved": "https://registry.npmjs.org/@prismicio/types/-/types-0.1.21.tgz",
      "integrity": "sha512-TMO4zpHlBFdvULDU5KQxeHOkI72lCkEKT3YwKhqiaiQWRVp7s3w27mXHjOWVBOlH/2qrzck219O84zBE6HzaMg=="
    },
    "escape-html": {
      "version": "1.0.3",
      "resolved": "https://registry.npmjs.org/escape-html/-/escape-html-1.0.3.tgz",
      "integrity": "sha1-Aljq5NPQwJdN4cFpGI7wBR0dGYg="
    },
    "tunnel": {
      "version": "0.0.6",
      "resolved": "https://registry.npmjs.org/tunnel/-/tunnel-0.0.6.tgz",
      "integrity": "sha512-1h/Lnq9yajKY2PEbBadPXj3VxsDDu844OnaAo52UVmIzIvwwtBPIuNvkjuzBlTWpfJyUbG3ez0KSBibQkj4ojg=="
    }
  }
}
